
Microsoft Visual Studio Solution File, Format Version 12.00
# Visual Studio Version 17
VisualStudioVersion = 17.8.34330.188
MinimumVisualStudioVersion = 10.0.40219.1
Project("{9A19103F-16F7-4668-BE54-9A1E7A4F7556}") = "Benny", "Benny\Benny.csproj", "{7B8602CF-C3C7-4C6B-8D77-4D2F6D6BCFB7}"
EndProject
Project("{9A19103F-16F7-4668-BE54-9A1E7A4F7556}") = "Benny.Tests", "Benny.Tests\Benny.Tests.csproj", "{20C9CDB6-B123-4B90-93BB-36F00EF21D57}"
EndProject
Global
	GlobalSection(SolutionConfigurationPlatforms) = preSolution
		Debug|Any CPU = Debug|Any CPU
		Release|Any CPU = Release|Any CPU
	EndGlobalSection
	GlobalSection(ProjectConfigurationPlatforms) = postSolution
		{7B8602CF-C3C7-4C6B-8D77-4D2F6D6BCFB7}.Debug|Any CPU.ActiveCfg = Debug|Any CPU
		{7B8602CF-C3C7-4C6B-8D77-4D2F6D6BCFB7}.Debug|Any CPU.Build.0 = Debug|Any CPU
		{7B8602CF-C3C7-4C6B-8D77-4D2F6D6BCFB7}.Release|Any CPU.ActiveCfg = Release|Any CPU
		{7B8602CF-C3C7-4C6B-8D77-4D2F6D6BCFB7}.Release|Any CPU.Build.0 = Release|Any CPU
		{20C9CDB6-B123-4B90-93BB-36F00EF21D57}.Debug|Any CPU.ActiveCfg = Debug|Any CPU
		{20C9CDB6-B123-4B90-93BB-36F00EF21D57}.Debug|Any CPU.Build.0 = Debug|Any CPU
		{20C9CDB6-B123-4B90-93BB-36F00EF21D57}.Release|Any CPU.ActiveCfg = Release|Any CPU
		{20C9CDB6-B123-4B90-93BB-36F00EF21D57}.Release|Any CPU.Build.0 = Release|Any CPU
	EndGlobalSection
	GlobalSection(SolutionProperties) = preSolution
		HideSolutionNode = FALSE
	EndGlobalSection
	GlobalSection(ExtensibilityGlobals) = postSolution
		SolutionGuid = {D44FA917-2452-4C00-8D1D-04F78C03400F}
	EndGlobalSection
EndGlobal
